{
  "lockfileVersion": 1,
  "configVersion": 0,
  "workspaces": {
    "": {
      "name": "subsonic-api",
      "devDependencies": {
        "@biomejs/biome": "^2.4.15",
        "bun-types": "^1.3.13",
        "esbuild": "^0.28.0",
        "release-it": "^20.0.1",
        "typescript": "^6.0.3",
      },
    },
  },
  "trustedDependencies": [
    "esbuild",
    "@biomejs/biome",
  ],
  "packages": {
    "@biomejs/biome": ["@biomejs/biome@2.4.15", "", { "optionalDependencies": { "@biomejs/cli-darwin-arm64": "2.4.15", "@biomejs/cli-darwin-x64": "2.4.15", "@biomejs/cli-linux-arm64": "2.4.15", "@biomejs/cli-linux-arm64-musl": "2.4.15", "@biomejs/cli-linux-x64": "2.4.15", "@biomejs/cli-linux-x64-musl": "2.4.15", "@biomejs/cli-win32-arm64": "2.4.15", "@biomejs/cli-win32-x64": "2.4.15" }, "bin": { "biome": "bin/biome" } }, "sha512-j5VH3a/h/HXTKBM50MDMxRCzkeLv9S2XJcW2WgnZT1+xyisi+0bISrXR82gCX+8S9lvK0skEvHJRN+3Ktr2hlw=="],

    "@biomejs/cli-darwin-arm64": ["@biomejs/cli-darwin-arm64@2.4.15", "", { "os": "darwin", "cpu": "arm64" }, "sha512-rF3PPqLq1yoST79zaQbDjVJwsuIeci/O+9bgNmC5QpgOqz6aqYuzA4abyAGx+mgyiDXn4A049xAN8gijbuR1Qg=="],

    "@biomejs/cli-darwin-x64": ["@biomejs/cli-darwin-x64@2.4.15", "", { "os": "darwin", "cpu": "x64" }, "sha512-/5KHXYMfSJs1fNXiX30xFtI8JcCFV6zaVVLxOa0M2sfqBKHkpQhRTv94yxQWxeTY2lzo2OuTlNvPC+hDQt2wcQ=="],

    "@biomejs/cli-linux-arm64": ["@biomejs/cli-linux-arm64@2.4.15", "", { "os": "linux", "cpu": "arm64" }, "sha512-owaAMZD/T4LrD0ELNCk0Km3qrRHuM0X6EAyVE1FSqGY0rbLoiDLrO4Us2tllm6cAeB2Ioa9C2C08NZPdr8+0Ug=="],

    "@biomejs/cli-linux-arm64-musl": ["@biomejs/cli-linux-arm64-musl@2.4.15", "", { "os": "linux", "cpu": "arm64" }, "sha512-ZPcxznxm0pogHBLZhYntyR3sR+MrZjqJIKEr7ZqVen0Rl+P/4upVmfYXjftizi9RoqZntg33fv/1fbdhbYXpEQ=="],

    "@biomejs/cli-linux-x64": ["@biomejs/cli-linux-x64@2.4.15", "", { "os": "linux", "cpu": "x64" }, "sha512-0jj7THz12GbUOLmMibktK6DZjqz2zV64KFxyBtcFTKPiiOIY0a7vns1elpO1dERvxpsZ5ik0oFfz0oGwFde1+g=="],

    "@biomejs/cli-linux-x64-musl": ["@biomejs/cli-linux-x64-musl@2.4.15", "", { "os": "linux", "cpu": "x64" }, "sha512-CNq/9W38SYSH023lfcQ4KKU8K0YX8T//FZUhcgtMMRABDojx5XsMV7jlweAvGSl389wJQB29Qo6Zb/a+jdvt+w=="],

    "@biomejs/cli-win32-arm64": ["@biomejs/cli-win32-arm64@2.4.15", "", { "os": "win32", "cpu": "arm64" }, "sha512-ouhkYdlhp/1GghEJPdWwD/Vi3gQ1nFxuSpMolWsbq3Lsq3QUR4jl6UdhhscdCugKU5vOEuMiJhvKj66O0OCq+w=="],

    "@biomejs/cli-win32-x64": ["@biomejs/cli-win32-x64@2.4.15", "", { "os": "win32", "cpu": "x64" }, "sha512-zBrGq5mx5wwpnow4+2BxUvleDM+GNd4sLbPaMapsSLQLD0NGRCquqPBTgN+7XkUteHvj7M+BstuI8tmnV7+HgQ=="],

    "@esbuild/aix-ppc64": ["@esbuild/aix-ppc64@0.28.0", "", { "os": "aix", "cpu": "ppc64" }, "sha512-lhRUCeuOyJQURhTxl4WkpFTjIsbDayJHih5kZC1giwE+MhIzAb7mEsQMqMf18rHLsrb5qI1tafG20mLxEWcWlA=="],

    "@esbuild/android-arm": ["@esbuild/android-arm@0.28.0", "", { "os": "android", "cpu": "arm" }, "sha512-wqh0ByljabXLKHeWXYLqoJ5jKC4XBaw6Hk08OfMrCRd2nP2ZQ5eleDZC41XHyCNgktBGYMbqnrJKq/K/lzPMSQ=="],

    "@esbuild/android-arm64": ["@esbuild/android-arm64@0.28.0", "", { "os": "android", "cpu": "arm64" }, "sha512-+WzIXQOSaGs33tLEgYPYe/yQHf0WTU0X42Jca3y8NWMbUVhp7rUnw+vAsRC/QiDrdD31IszMrZy+qwPOPjd+rw=="],

    "@esbuild/android-x64": ["@esbuild/android-x64@0.28.0", "", { "os": "android", "cpu": "x64" }, "sha512-+VJggoaKhk2VNNqVL7f6S189UzShHC/mR9EE8rDdSkdpN0KflSwWY/gWjDrNxxisg8Fp1ZCD9jLMo4m0OUfeUA=="],

    "@esbuild/darwin-arm64": ["@esbuild/darwin-arm64@0.28.0", "", { "os": "darwin", "cpu": "arm64" }, "sha512-0T+A9WZm+bZ84nZBtk1ckYsOvyA3x7e2Acj1KdVfV4/2tdG4fzUp91YHx+GArWLtwqp77pBXVCPn2We7Letr0Q=="],

    "@esbuild/darwin-x64": ["@esbuild/darwin-x64@0.28.0", "", { "os": "darwin", "cpu": "x64" }, "sha512-fyzLm/DLDl/84OCfp2f/XQ4flmORsjU7VKt8HLjvIXChJoFFOIL6pLJPH4Yhd1n1gGFF9mPwtlN5Wf82DZs+LQ=="],

    "@esbuild/freebsd-arm64": ["@esbuild/freebsd-arm64@0.28.0", "", { "os": "freebsd", "cpu": "arm64" }, "sha512-l9GeW5UZBT9k9brBYI+0WDffcRxgHQD8ShN2Ur4xWq/NFzUKm3k5lsH4PdaRgb2w7mI9u61nr2gI2mLI27Nh3Q=="],

    "@esbuild/freebsd-x64": ["@esbuild/freebsd-x64@0.28.0", "", { "os": "freebsd", "cpu": "x64" }, "sha512-BXoQai/A0wPO6Es3yFJ7APCiKGc1tdAEOgeTNy3SsB491S3aHn4S4r3e976eUnPdU+NbdtmBuLncYir2tMU9Nw=="],

    "@esbuild/linux-arm": ["@esbuild/linux-arm@0.28.0", "", { "os": "linux", "cpu": "arm" }, "sha512-CjaaREJagqJp7iTaNQjjidaNbCKYcd4IDkzbwwxtSvjI7NZm79qiHc8HqciMddQ6CKvJT6aBd8lO9kN/ZudLlw=="],

    "@esbuild/linux-arm64": ["@esbuild/linux-arm64@0.28.0", "", { "os": "linux", "cpu": "arm64" }, "sha512-RVyzfb3FWsGA55n6WY0MEIEPURL1FcbhFE6BffZEMEekfCzCIMtB5yyDcFnVbTnwk+CLAgTujmV/Lgvih56W+A=="],

    "@esbuild/linux-ia32": ["@esbuild/linux-ia32@0.28.0", "", { "os": "linux", "cpu": "ia32" }, "sha512-KBnSTt1kxl9x70q+ydterVdl+Cn0H18ngRMRCEQfrbqdUuntQQ0LoMZv47uB97NljZFzY6HcfqEZ2SAyIUTQBQ=="],

    "@esbuild/linux-loong64": ["@esbuild/linux-loong64@0.28.0", "", { "os": "linux", "cpu": "none" }, "sha512-zpSlUce1mnxzgBADvxKXX5sl8aYQHo2ezvMNI8I0lbblJtp8V4odlm3Yzlj7gPyt3T8ReksE6bK+pT3WD+aJRg=="],

    "@esbuild/linux-mips64el": ["@esbuild/linux-mips64el@0.28.0", "", { "os": "linux", "cpu": "none" }, "sha512-2jIfP6mmjkdmeTlsX/9vmdmhBmKADrWqN7zcdtHIeNSCH1SqIoNI63cYsjQR8J+wGa4Y5izRcSHSm8K3QWmk3w=="],

    "@esbuild/linux-ppc64": ["@esbuild/linux-ppc64@0.28.0", "", { "os": "linux", "cpu": "ppc64" }, "sha512-bc0FE9wWeC0WBm49IQMPSPILRocGTQt3j5KPCA8os6VprfuJ7KD+5PzESSrJ6GmPIPJK965ZJHTUlSA6GNYEhg=="],

    "@esbuild/linux-riscv64": ["@esbuild/linux-riscv64@0.28.0", "", { "os": "linux", "cpu": "none" }, "sha512-SQPZOwoTTT/HXFXQJG/vBX8sOFagGqvZyXcgLA3NhIqcBv1BJU1d46c0rGcrij2B56Z2rNiSLaZOYW5cUk7yLQ=="],

    "@esbuild/linux-s390x": ["@esbuild/linux-s390x@0.28.0", "", { "os": "linux", "cpu": "s390x" }, "sha512-SCfR0HN8CEEjnYnySJTd2cw0k9OHB/YFzt5zgJEwa+wL/T/raGWYMBqwDNAC6dqFKmJYZoQBRfHjgwLHGSrn3Q=="],

    "@esbuild/linux-x64": ["@esbuild/linux-x64@0.28.0", "", { "os": "linux", "cpu": "x64" }, "sha512-us0dSb9iFxIi8srnpl931Nvs65it/Jd2a2K3qs7fz2WfGPHqzfzZTfec7oxZJRNPXPnNYZtanmRc4AL/JwVzHQ=="],

    "@esbuild/netbsd-arm64": ["@esbuild/netbsd-arm64@0.28.0", "", { "os": "none", "cpu": "arm64" }, "sha512-CR/RYotgtCKwtftMwJlUU7xCVNg3lMYZ0RzTmAHSfLCXw3NtZtNpswLEj/Kkf6kEL3Gw+BpOekRX0BYCtklhUw=="],

    "@esbuild/netbsd-x64": ["@esbuild/netbsd-x64@0.28.0", "", { "os": "none", "cpu": "x64" }, "sha512-nU1yhmYutL+fQ71Kxnhg8uEOdC0pwEW9entHykTgEbna2pw2dkbFSMeqjjyHZoCmt8SBkOSvV+yNmm94aUrrqw=="],

    "@esbuild/openbsd-arm64": ["@esbuild/openbsd-arm64@0.28.0", "", { "os": "openbsd", "cpu": "arm64" }, "sha512-cXb5vApOsRsxsEl4mcZ1XY3D4DzcoMxR/nnc4IyqYs0rTI8ZKmW6kyyg+11Z8yvgMfAEldKzP7AdP64HnSC/6g=="],

    "@esbuild/openbsd-x64": ["@esbuild/openbsd-x64@0.28.0", "", { "os": "openbsd", "cpu": "x64" }, "sha512-8wZM2qqtv9UP3mzy7HiGYNH/zjTA355mpeuA+859TyR+e+Tc08IHYpLJuMsfpDJwoLo1ikIJI8jC3GFjnRClzA=="],

    "@esbuild/openharmony-arm64": ["@esbuild/openharmony-arm64@0.28.0", "", { "os": "none", "cpu": "arm64" }, "sha512-FLGfyizszcef5C3YtoyQDACyg95+dndv79i2EekILBofh5wpCa1KuBqOWKrEHZg3zrL3t5ouE5jgr94vA+Wb2w=="],

    "@esbuild/sunos-x64": ["@esbuild/sunos-x64@0.28.0", "", { "os": "sunos", "cpu": "x64" }, "sha512-1ZgjUoEdHZZl/YlV76TSCz9Hqj9h9YmMGAgAPYd+q4SicWNX3G5GCyx9uhQWSLcbvPW8Ni7lj4gDa1T40akdlw=="],

    "@esbuild/win32-arm64": ["@esbuild/win32-arm64@0.28.0", "", { "os": "win32", "cpu": "arm64" }, "sha512-Q9StnDmQ/enxnpxCCLSg0oo4+34B9TdXpuyPeTedN/6+iXBJ4J+zwfQI28u/Jl40nOYAxGoNi7mFP40RUtkmUA=="],

    "@esbuild/win32-ia32": ["@esbuild/win32-ia32@0.28.0", "", { "os": "win32", "cpu": "ia32" }, "sha512-zF3ag/gfiCe6U2iczcRzSYJKH1DCI+ByzSENHlM2FcDbEeo5Zd2C86Aq0tKUYAJJ1obRP84ymxIAksZUcdztHA=="],

    "@esbuild/win32-x64": ["@esbuild/win32-x64@0.28.0", "", { "os": "win32", "cpu": "x64" }, "sha512-pEl1bO9mfAmIC+tW5btTmrKaujg3zGtUmWNdCw/xs70FBjwAL3o9OEKNHvNmnyylD6ubxUERiEhdsL0xBQ9efw=="],

    "@inquirer/ansi": ["@inquirer/ansi@2.0.5", "", {}, "sha512-doc2sWgJpbFQ64UflSVd17ibMGDuxO1yKgOgLMwavzESnXjFWJqUeG8saYosqKpHp4kWiM5x1nXvEjbpx90gzw=="],

    "@inquirer/checkbox": ["@inquirer/checkbox@5.1.4", "", { "dependencies": { "@inquirer/ansi": "^2.0.5", "@inquirer/core": "^11.1.9", "@inquirer/figures": "^2.0.5", "@inquirer/type": "^4.0.5" }, "peerDependencies": { "@types/node": ">=18" }, "optionalPeers": ["@types/node"] }, "sha512-w6KF8ZYRvqHhROkOTHXYC3qIV/KYEu5o12oLqQySvch61vrYtRxNSHTONSdJqWiFJPlCUQAHT5OgOIyuTr+MHQ=="],

    "@inquirer/confirm": ["@inquirer/confirm@6.0.12", "", { "dependencies": { "@inquirer/core": "^11.1.9", "@inquirer/type": "^4.0.5" }, "peerDependencies": { "@types/node": ">=18" }, "optionalPeers": ["@types/node"] }, "sha512-h9FgGun3QwVYNj5TWIZZ+slii73bMoBFjPfVIGtnFuL4t8gBiNDV9PcSfIzkuxvgquJKt9nr1QzszpBzTbH8Og=="],

    "@inquirer/core": ["@inquirer/core@11.1.9", "", { "dependencies": { "@inquirer/ansi": "^2.0.5", "@inquirer/figures": "^2.0.5", "@inquirer/type": "^4.0.5", "cli-width": "^4.1.0", "fast-wrap-ansi": "^0.2.0", "mute-stream": "^3.0.0", "signal-exit": "^4.1.0" }, "peerDependencies": { "@types/node": ">=18" }, "optionalPeers": ["@types/node"] }, "sha512-BDE4fG22uYh1bGSifcj7JSx119TVYNViMhMu85usp4Fswrzh6M0DV3yld64jA98uOAa2GSQ4Bg4bZRm2d2cwSg=="],

    "@inquirer/editor": ["@inquirer/editor@5.1.1", "", { "dependencies": { "@inquirer/core": "^11.1.9", "@inquirer/external-editor": "^3.0.0", "@inquirer/type": "^4.0.5" }, "peerDependencies": { "@types/node": ">=18" }, "optionalPeers": ["@types/node"] }, "sha512-6y11LgmNpmn5D2aB5FgnCfBUBK8ZstwLCalyJmORcJZ/WrhOjm16mu6eSqIx8DnErxDqSLr+Jkp+GP8/Nwd5tA=="],

    "@inquirer/expand": ["@inquirer/expand@5.0.13", "", { "dependencies": { "@inquirer/core": "^11.1.9", "@inquirer/type": "^4.0.5" }, "peerDependencies": { "@types/node": ">=18" }, "optionalPeers": ["@types/node"] }, "sha512-dF2zvrFo9LshkcB23/O1il13kBkBltWIXzut1evfbuBLXMiGIuC45c+ZQ0uukjCDsvI8OWqun4FRYMnzFCQa3g=="],

    "@inquirer/external-editor": ["@inquirer/external-editor@3.0.0", "", { "dependencies": { "chardet": "^2.1.1", "iconv-lite": "^0.7.2" }, "peerDependencies": { "@types/node": ">=18" }, "optionalPeers": ["@types/node"] }, "sha512-lDSwMgg+M5rq6JKBYaJwSX6T9e/HK2qqZ1oxmOwn4AQoJE5D+7TumsxLGC02PWS//rkIVqbZv3XA3ejsc9FYvg=="],

    "@inquirer/figures": ["@inquirer/figures@2.0.5", "", {}, "sha512-NsSs4kzfm12lNetHwAn3GEuH317IzpwrMCbOuMIVytpjnJ90YYHNwdRgYGuKmVxwuIqSgqk3M5qqQt1cDk0tGQ=="],

    "@inquirer/input": ["@inquirer/input@5.0.12", "", { "dependencies": { "@inquirer/core": "^11.1.9", "@inquirer/type": "^4.0.5" }, "peerDependencies": { "@types/node": ">=18" }, "optionalPeers": ["@types/node"] }, "sha512-uiMFBl4LqFzJClh80Q3f9hbOFJ6kgkDWI4LjAeBuyO6EanVVMF69AgOvpi1qdqjDSjDN6578B6nky9ceEpI+1Q=="],

    "@inquirer/number": ["@inquirer/number@4.0.12", "", { "dependencies": { "@inquirer/core": "^11.1.9", "@inquirer/type": "^4.0.5" }, "peerDependencies": { "@types/node": ">=18" }, "optionalPeers": ["@types/node"] }, "sha512-/vrwhEf7Xsuh+YlHF4IjSy3g1cyrQuPaSiHIxCEbLu8qnfvrcvJyCkoktOOF+xV9gSb77/G0n3h04RbMDW2sIg=="],

    "@inquirer/password": ["@inquirer/password@5.0.12", "", { "dependencies": { "@inquirer/ansi": "^2.0.5", "@inquirer/core": "^11.1.9", "@inquirer/type": "^4.0.5" }, "peerDependencies": { "@types/node": ">=18" }, "optionalPeers": ["@types/node"] }, "sha512-CBh7YHju623lxJRcAOo498ZUwIuMy63bqW/vVq0tQAZVv+lkWlHkP9ealYE1utWSisEShY5VMdzIXRmyEODzcQ=="],

    "@inquirer/prompts": ["@inquirer/prompts@8.4.2", "", { "dependencies": { "@inquirer/checkbox": "^5.1.4", "@inquirer/confirm": "^6.0.12", "@inquirer/editor": "^5.1.1", "@inquirer/expand": "^5.0.13", "@inquirer/input": "^5.0.12", "@inquirer/number": "^4.0.12", "@inquirer/password": "^5.0.12", "@inquirer/rawlist": "^5.2.8", "@inquirer/search": "^4.1.8", "@inquirer/select": "^5.1.4" }, "peerDependencies": { "@types/node": ">=18" }, "optionalPeers": ["@types/node"] }, "sha512-XJmn/wY4AX56l1BRU+ZjDrFtg9+2uBEi4JvJQj82kwJDQKiPgSn4CEsbfGGygS4Gw6rkL4W18oATjfVfaqub2Q=="],

    "@inquirer/rawlist": ["@inquirer/rawlist@5.2.8", "", { "dependencies": { "@inquirer/core": "^11.1.9", "@inquirer/type": "^4.0.5" }, "peerDependencies": { "@types/node": ">=18" }, "optionalPeers": ["@types/node"] }, "sha512-Su7FQvp5buZmCymN3PPoYv31ZQQX4ve2j02k7piGgKAWgE+AQRB5YoYVveGXcl3TZ9ldgRMSxj56YfDFmmaqLg=="],

    "@inquirer/search": ["@inquirer/search@4.1.8", "", { "dependencies": { "@inquirer/core": "^11.1.9", "@inquirer/figures": "^2.0.5", "@inquirer/type": "^4.0.5" }, "peerDependencies": { "@types/node": ">=18" }, "optionalPeers": ["@types/node"] }, "sha512-fGiHKGD6DyPIYUWxoXnQTeXeyYqSOUrasDMABBmMHUalH/LxkuzY0xVRtimXAt1sUeeyYkVuKQx1bebMuN11Kw=="],

    "@inquirer/select": ["@inquirer/select@5.1.4", "", { "dependencies": { "@inquirer/ansi": "^2.0.5", "@inquirer/core": "^11.1.9", "@inquirer/figures": "^2.0.5", "@inquirer/type": "^4.0.5" }, "peerDependencies": { "@types/node": ">=18" }, "optionalPeers": ["@types/node"] }, "sha512-2kWcGKPMLAXAWRp1AH1SLsQmX+j0QjeljyXMUji9WMZC8nRDO0b7qquIGr6143E7KMLt3VAIGNXzwa/6PXQs4Q=="],

    "@inquirer/type": ["@inquirer/type@4.0.5", "", { "peerDependencies": { "@types/node": ">=18" }, "optionalPeers": ["@types/node"] }, "sha512-aetVUNeKNc/VriqXlw1NRSW0zhMBB0W4bNbWRJgzRl/3d0QNDQFfk0GO5SDdtjMZVg6o8ZKEiadd7SCCzoOn5Q=="],

    "@octokit/auth-token": ["@octokit/auth-token@6.0.0", "", {}, "sha512-P4YJBPdPSpWTQ1NU4XYdvHvXJJDxM6YwpS0FZHRgP7YFkdVxsWcpWGy/NVqlAA7PcPCnMacXlRm1y2PFZRWL/w=="],

    "@octokit/core": ["@octokit/core@7.0.6", "", { "dependencies": { "@octokit/auth-token": "^6.0.0", "@octokit/graphql": "^9.0.3", "@octokit/request": "^10.0.6", "@octokit/request-error": "^7.0.2", "@octokit/types": "^16.0.0", "before-after-hook": "^4.0.0", "universal-user-agent": "^7.0.0" } }, "sha512-DhGl4xMVFGVIyMwswXeyzdL4uXD5OGILGX5N8Y+f6W7LhC1Ze2poSNrkF/fedpVDHEEZ+PHFW0vL14I+mm8K3Q=="],

    "@octokit/endpoint": ["@octokit/endpoint@11.0.3", "", { "dependencies": { "@octokit/types": "^16.0.0", "universal-user-agent": "^7.0.2" } }, "sha512-FWFlNxghg4HrXkD3ifYbS/IdL/mDHjh9QcsNyhQjN8dplUoZbejsdpmuqdA76nxj2xoWPs7p8uX2SNr9rYu0Ag=="],

    "@octokit/graphql": ["@octokit/graphql@9.0.3", "", { "dependencies": { "@octokit/request": "^10.0.6", "@octokit/types": "^16.0.0", "universal-user-agent": "^7.0.0" } }, "sha512-grAEuupr/C1rALFnXTv6ZQhFuL1D8G5y8CN04RgrO4FIPMrtm+mcZzFG7dcBm+nq+1ppNixu+Jd78aeJOYxlGA=="],

    "@octokit/openapi-types": ["@octokit/openapi-types@27.0.0", "", {}, "sha512-whrdktVs1h6gtR+09+QsNk2+FO+49j6ga1c55YZudfEG+oKJVvJLQi3zkOm5JjiUXAagWK2tI2kTGKJ2Ys7MGA=="],

    "@octokit/plugin-paginate-rest": ["@octokit/plugin-paginate-rest@14.0.0", "", { "dependencies": { "@octokit/types": "^16.0.0" }, "peerDependencies": { "@octokit/core": ">=6" } }, "sha512-fNVRE7ufJiAA3XUrha2omTA39M6IXIc6GIZLvlbsm8QOQCYvpq/LkMNGyFlB1d8hTDzsAXa3OKtybdMAYsV/fw=="],

    "@octokit/plugin-request-log": ["@octokit/plugin-request-log@6.0.0", "", { "peerDependencies": { "@octokit/core": ">=6" } }, "sha512-UkOzeEN3W91/eBq9sPZNQ7sUBvYCqYbrrD8gTbBuGtHEuycE4/awMXcYvx6sVYo7LypPhmQwwpUe4Yyu4QZN5Q=="],

    "@octokit/plugin-rest-endpoint-methods": ["@octokit/plugin-rest-endpoint-methods@17.0.0", "", { "dependencies": { "@octokit/types": "^16.0.0" }, "peerDependencies": { "@octokit/core": ">=6" } }, "sha512-B5yCyIlOJFPqUUeiD0cnBJwWJO8lkJs5d8+ze9QDP6SvfiXSz1BF+91+0MeI1d2yxgOhU/O+CvtiZ9jSkHhFAw=="],

    "@octokit/request": ["@octokit/request@10.0.8", "", { "dependencies": { "@octokit/endpoint": "^11.0.3", "@octokit/request-error": "^7.0.2", "@octokit/types": "^16.0.0", "fast-content-type-parse": "^3.0.0", "json-with-bigint": "^3.5.3", "universal-user-agent": "^7.0.2" } }, "sha512-SJZNwY9pur9Agf7l87ywFi14W+Hd9Jg6Ifivsd33+/bGUQIjNujdFiXII2/qSlN2ybqUHfp5xpekMEjIBTjlSw=="],

    "@octokit/request-error": ["@octokit/request-error@7.1.0", "", { "dependencies": { "@octokit/types": "^16.0.0" } }, "sha512-KMQIfq5sOPpkQYajXHwnhjCC0slzCNScLHs9JafXc4RAJI+9f+jNDlBNaIMTvazOPLgb4BnlhGJOTbnN0wIjPw=="],

    "@octokit/rest": ["@octokit/rest@22.0.1", "", { "dependencies": { "@octokit/core": "^7.0.6", "@octokit/plugin-paginate-rest": "^14.0.0", "@octokit/plugin-request-log": "^6.0.0", "@octokit/plugin-rest-endpoint-methods": "^17.0.0" } }, "sha512-Jzbhzl3CEexhnivb1iQ0KJ7s5vvjMWcmRtq5aUsKmKDrRW6z3r84ngmiFKFvpZjpiU/9/S6ITPFRpn5s/3uQJw=="],

    "@octokit/types": ["@octokit/types@16.0.0", "", { "dependencies": { "@octokit/openapi-types": "^27.0.0" } }, "sha512-sKq+9r1Mm4efXW1FCk7hFSeJo4QKreL/tTbR0rz/qx/r1Oa2VV83LTA/H/MuCOX7uCIJmQVRKBcbmWoySjAnSg=="],

    "@phun-ky/typeof": ["@phun-ky/typeof@2.0.3", "", {}, "sha512-oeQJs1aa8Ghke8JIK9yuq/+KjMiaYeDZ38jx7MhkXncXlUKjqQ3wEm2X3qCKyjo+ZZofZj+WsEEiqkTtRuE2xQ=="],

    "@types/node": ["@types/node@22.13.9", "", { "dependencies": { "undici-types": "~6.20.0" } }, "sha512-acBjXdRJ3A6Pb3tqnw9HZmyR3Fiol3aGxRCK1x3d+6CDAMjl7I649wpSd+yNURCjbOUGu9tqtLKnTGxmK6CyGw=="],

    "@types/parse-path": ["@types/parse-path@7.0.3", "", {}, "sha512-LriObC2+KYZD3FzCrgWGv/qufdUy4eXrxcLgQMfYXgPbLIecKIsVBaQgUPmxSSLcjmYbDTQbMgr6qr6l/eb7Bg=="],

    "agent-base": ["agent-base@8.0.0", "", {}, "sha512-QT8i0hCz6C/KQ+KTAbSNwCHDGdmUJl2tp2ZpNlGSWCfhUNVbYG2WLE3MdZGBAgXPV4GAvjGMxo+C1hroyxmZEg=="],

    "ansi-regex": ["ansi-regex@6.1.0", "", {}, "sha512-7HSX4QQb4CspciLpVFwyRe79O3xsIZDDLER21kERQ71oaPodF8jL725AgJMFAYbooIqolJoRLuM81SpeUkpkvA=="],

    "ast-types": ["ast-types@0.13.4", "", { "dependencies": { "tslib": "^2.0.1" } }, "sha512-x1FCFnFifvYDDzTaLII71vG5uvDwgtmDTEVWAxrgeiR8VjMONcCXJx7E+USjDtHlwFmt9MysbqgF9b9Vjr6w+w=="],

    "async-retry": ["async-retry@1.3.3", "", { "dependencies": { "retry": "0.13.1" } }, "sha512-wfr/jstw9xNi/0teMHrRW7dsz3Lt5ARhYNZ2ewpadnhaIp5mbALhOAP+EAdsC7t4Z6wqsDVv9+W6gm1Dk9mEyw=="],

    "basic-ftp": ["basic-ftp@5.0.5", "", {}, "sha512-4Bcg1P8xhUuqcii/S0Z9wiHIrQVPMermM1any+MX5GeGD7faD3/msQUDGLol9wOcz4/jbg/WJnGqoJF6LiBdtg=="],

    "before-after-hook": ["before-after-hook@4.0.0", "", {}, "sha512-q6tR3RPqIB1pMiTRMFcZwuG5T8vwp+vUvEG0vuI6B+Rikh5BfPp2fQ82c925FOs+b0lcFQ8CFrL+KbilfZFhOQ=="],

    "bun-types": ["bun-types@1.3.13", "", { "dependencies": { "@types/node": "*" } }, "sha512-QXKeHLlOLqQX9LgYaHJfzdBaV21T63HhFJnvuRCcjZiaUDpbs5ED1MgxbMra71CsryN/1dAoXuJJJwIv/2drVA=="],

    "bundle-name": ["bundle-name@4.1.0", "", { "dependencies": { "run-applescript": "^7.0.0" } }, "sha512-tjwM5exMg6BGRI+kNmTntNsvdZS1X8BFYS6tnJ2hdH0kVxM6/eVZ2xy+FqStSWvYmtfFMDLIxurorHwDKfDz5Q=="],

    "c12": ["c12@3.3.3", "", { "dependencies": { "chokidar": "^5.0.0", "confbox": "^0.2.2", "defu": "^6.1.4", "dotenv": "^17.2.3", "exsolve": "^1.0.8", "giget": "^2.0.0", "jiti": "^2.6.1", "ohash": "^2.0.11", "pathe": "^2.0.3", "perfect-debounce": "^2.0.0", "pkg-types": "^2.3.0", "rc9": "^2.1.2" }, "peerDependencies": { "magicast": "*" }, "optionalPeers": ["magicast"] }, "sha512-750hTRvgBy5kcMNPdh95Qo+XUBeGo8C7nsKSmedDmaQI+E0r82DwHeM6vBewDe4rGFbnxoa4V9pw+sPh5+Iz8Q=="],

    "chalk": ["chalk@5.6.2", "", {}, "sha512-7NzBL0rN6fMUW+f7A6Io4h40qQlG+xGmtMxfbnH/K7TAtt8JQWVQK+6g0UXKMeVJoyV5EkkNsErQ8pVD3bLHbA=="],

    "chardet": ["chardet@2.1.1", "", {}, "sha512-PsezH1rqdV9VvyNhxxOW32/d75r01NY7TQCmOqomRo15ZSOKbpTFVsfjghxo6JloQUCGnH4k1LGu0R4yCLlWQQ=="],

    "chokidar": ["chokidar@5.0.0", "", { "dependencies": { "readdirp": "^5.0.0" } }, "sha512-TQMmc3w+5AxjpL8iIiwebF73dRDF4fBIieAqGn9RGCWaEVwQ6Fb2cGe31Yns0RRIzii5goJ1Y7xbMwo1TxMplw=="],

    "ci-info": ["ci-info@4.4.0", "", {}, "sha512-77PSwercCZU2Fc4sX94eF8k8Pxte6JAwL4/ICZLFjJLqegs7kCuAsqqj/70NQF6TvDpgFjkubQB2FW2ZZddvQg=="],

    "citty": ["citty@0.1.6", "", { "dependencies": { "consola": "^3.2.3" } }, "sha512-tskPPKEs8D2KPafUypv2gxwJP8h/OaJmC82QQGGDQcHvXX43xF2VDACcJVmZ0EuSxkpO9Kc4MlrA3q0+FG58AQ=="],

    "cli-cursor": ["cli-cursor@5.0.0", "", { "dependencies": { "restore-cursor": "^5.0.0" } }, "sha512-aCj4O5wKyszjMmDT4tZj93kxyydN/K5zPWSCe6/0AV/AA1pqe5ZBIw0a2ZfPQV7lL5/yb5HsUreJ6UFAF1tEQw=="],

    "cli-spinners": ["cli-spinners@3.3.0", "", {}, "sha512-/+40ljC3ONVnYIttjMWrlL51nItDAbBrq2upN8BPyvGU/2n5Oxw3tbNwORCaNuNqLJnxGqOfjUuhsv7l5Q4IsQ=="],

    "cli-width": ["cli-width@4.1.0", "", {}, "sha512-ouuZd4/dm2Sw5Gmqy6bGyNNNe1qt9RpmxveLSO7KcgsTnU7RXfsw+/bukWGo1abgBiMAic068rclZsO4IWmmxQ=="],

    "confbox": ["confbox@0.2.2", "", {}, "sha512-1NB+BKqhtNipMsov4xI/NnhCKp9XG9NamYp5PVm9klAT0fsrNPjaFICsCFhNhwZJKNh7zB/3q8qXz0E9oaMNtQ=="],

    "consola": ["consola@3.4.2", "", {}, "sha512-5IKcdX0nnYavi6G7TtOhwkYzyjfJlatbjMjuLSfE2kYT5pMDOilZ4OvMhi637CcDICTmz3wARPoyhqyX1Y+XvA=="],

    "data-uri-to-buffer": ["data-uri-to-buffer@7.0.0", "", {}, "sha512-CuRUx0TXGSbbWdEci3VK/XOZGP3n0P4pIKpsqpVtBqaIIuj3GKK8H45oAqA4Rg8FHipc+CzRdUzmD4YQXxv66Q=="],

    "debug": ["debug@4.4.0", "", { "dependencies": { "ms": "^2.1.3" } }, "sha512-6WTZ/IxCY/T6BALoZHaE4ctp9xm+Z5kY/pzYaCHRFeyVhojxlrm+46y68HA6hr0TcwEssoxNiDEUJQjfPZ/RYA=="],

    "default-browser": ["default-browser@5.5.0", "", { "dependencies": { "bundle-name": "^4.1.0", "default-browser-id": "^5.0.0" } }, "sha512-H9LMLr5zwIbSxrmvikGuI/5KGhZ8E2zH3stkMgM5LpOWDutGM2JZaj460Udnf1a+946zc7YBgrqEWwbk7zHvGw=="],

    "default-browser-id": ["default-browser-id@5.0.0", "", {}, "sha512-A6p/pu/6fyBcA1TRz/GqWYPViplrftcW2gZC9q79ngNCKAeR/X3gcEdXQHl4KNXV+3wgIJ1CPkJQ3IHM6lcsyA=="],

    "define-lazy-prop": ["define-lazy-prop@3.0.0", "", {}, "sha512-N+MeXYoqr3pOgn8xfyRPREN7gHakLYjhsHhWGT3fWAiL4IkAt0iDw14QiiEm2bE30c5XX5q0FtAA3CK5f9/BUg=="],

    "defu": ["defu@6.1.7", "", {}, "sha512-7z22QmUWiQ/2d0KkdYmANbRUVABpZ9SNYyH5vx6PZ+nE5bcC0l7uFvEfHlyld/HcGBFTL536ClDt3DEcSlEJAQ=="],

    "degenerator": ["degenerator@6.0.0", "", { "dependencies": { "ast-types": "^0.13.4", "escodegen": "^2.1.0", "esprima": "^4.0.1" }, "peerDependencies": { "quickjs-wasi": "^0.0.1" } }, "sha512-j5MdXdefrecJeSqTpUrgZd4fBsD2IxZx0JlJD+n1Q7+aTf7/HcyXSfHsicPW6ekPurX159v1ZYla6OJgSPh2Dw=="],

    "destr": ["destr@2.0.5", "", {}, "sha512-ugFTXCtDZunbzasqBxrK93Ik/DRYsO6S/fedkWEMKqt04xZ4csmnmwGDBAb07QWNaGMAmnTIemsYZCksjATwsA=="],

    "dotenv": ["dotenv@17.2.3", "", {}, "sha512-JVUnt+DUIzu87TABbhPmNfVdBDt18BLOWjMUFJMSi/Qqg7NTYtabbvSNJGOJ7afbRuv9D/lngizHtP7QyLQ+9w=="],

    "esbuild": ["esbuild@0.28.0", "", { "optionalDependencies": { "@esbuild/aix-ppc64": "0.28.0", "@esbuild/android-arm": "0.28.0", "@esbuild/android-arm64": "0.28.0", "@esbuild/android-x64": "0.28.0", "@esbuild/darwin-arm64": "0.28.0", "@esbuild/darwin-x64": "0.28.0", "@esbuild/freebsd-arm64": "0.28.0", "@esbuild/freebsd-x64": "0.28.0", "@esbuild/linux-arm": "0.28.0", "@esbuild/linux-arm64": "0.28.0", "@esbuild/linux-ia32": "0.28.0", "@esbuild/linux-loong64": "0.28.0", "@esbuild/linux-mips64el": "0.28.0", "@esbuild/linux-ppc64": "0.28.0", "@esbuild/linux-riscv64": "0.28.0", "@esbuild/linux-s390x": "0.28.0", "@esbuild/linux-x64": "0.28.0", "@esbuild/netbsd-arm64": "0.28.0", "@esbuild/netbsd-x64": "0.28.0", "@esbuild/openbsd-arm64": "0.28.0", "@esbuild/openbsd-x64": "0.28.0", "@esbuild/openharmony-arm64": "0.28.0", "@esbuild/sunos-x64": "0.28.0", "@esbuild/win32-arm64": "0.28.0", "@esbuild/win32-ia32": "0.28.0", "@esbuild/win32-x64": "0.28.0" }, "bin": { "esbuild": "bin/esbuild" } }, "sha512-sNR9MHpXSUV/XB4zmsFKN+QgVG82Cc7+/aaxJ8Adi8hyOac+EXptIp45QBPaVyX3N70664wRbTcLTOemCAnyqw=="],

    "escodegen": ["escodegen@2.1.0", "", { "dependencies": { "esprima": "^4.0.1", "estraverse": "^5.2.0", "esutils": "^2.0.2" }, "optionalDependencies": { "source-map": "~0.6.1" }, "bin": { "esgenerate": "bin/esgenerate.js", "escodegen": "bin/escodegen.js" } }, "sha512-2NlIDTwUWJN0mRPQOdtQBzbUHvdGY2P1VXSyU83Q3xKxM7WHX2Ql8dKq782Q9TgQUNOLEzEYu9bzLNj1q88I5w=="],

    "esprima": ["esprima@4.0.1", "", { "bin": { "esparse": "./bin/esparse.js", "esvalidate": "./bin/esvalidate.js" } }, "sha512-eGuFFw7Upda+g4p+QHvnW0RyTX/SVeJBDM/gCtMARO0cLuT2HcEKnTPvhjV6aGeqrCB/sbNop0Kszm0jsaWU4A=="],

    "estraverse": ["estraverse@5.3.0", "", {}, "sha512-MMdARuVEQziNTeJD8DgMqmhwR11BRQ/cBP+pLtYdSTnf3MIO8fFeiINEbX36ZdNlfU/7A9f3gUw49B3oQsvwBA=="],

    "esutils": ["esutils@2.0.3", "", {}, "sha512-kVscqXk4OCp68SZ0dkgEKVi6/8ij300KBWTJq32P/dYeWTSwK41WyTxalN1eRmA5Z9UU/LX9D7FWSmV9SAYx6g=="],

    "eta": ["eta@4.5.1", "", {}, "sha512-EaNCGm+8XEIU7YNcc+THptWAO5NfKBHHARxt+wxZljj9bTr/+arRoOm9/MpGt4n6xn9fLnPFRSoLD0WFYGFUxQ=="],

    "exsolve": ["exsolve@1.0.8", "", {}, "sha512-LmDxfWXwcTArk8fUEnOfSZpHOJ6zOMUJKOtFLFqJLoKJetuQG874Uc7/Kki7zFLzYybmZhp1M7+98pfMqeX8yA=="],

    "fast-content-type-parse": ["fast-content-type-parse@3.0.0", "", {}, "sha512-ZvLdcY8P+N8mGQJahJV5G4U88CSvT1rP8ApL6uETe88MBXrBHAkZlSEySdUlyztF7ccb+Znos3TFqaepHxdhBg=="],

    "fast-string-truncated-width": ["fast-string-truncated-width@3.0.3", "", {}, "sha512-0jjjIEL6+0jag3l2XWWizO64/aZVtpiGE3t0Zgqxv0DPuxiMjvB3M24fCyhZUO4KomJQPj3LTSUnDP3GpdwC0g=="],

    "fast-string-width": ["fast-string-width@3.0.2", "", { "dependencies": { "fast-string-truncated-width": "^3.0.2" } }, "sha512-gX8LrtNEI5hq8DVUfRQMbr5lpaS4nMIWV+7XEbXk2b8kiQIizgnlr12B4dA3ZEx3308ze0O4Q1R+cHts8kyUJg=="],

    "fast-wrap-ansi": ["fast-wrap-ansi@0.2.0", "", { "dependencies": { "fast-string-width": "^3.0.2" } }, "sha512-rLV8JHxTyhVmFYhBJuMujcrHqOT2cnO5Zxj37qROj23CP39GXubJRBUFF0z8KFK77Uc0SukZUf7JZhsVEQ6n8w=="],

    "fdir": ["fdir@6.5.0", "", { "peerDependencies": { "picomatch": "^3 || ^4" }, "optionalPeers": ["picomatch"] }, "sha512-tIbYtZbucOs0BRGqPJkshJUYdL+SDH7dVM8gjy+ERp3WAUjLEFJE+02kanyHtwjWOnwrKYBiwAmM0p4kLJAnXg=="],

    "get-east-asian-width": ["get-east-asian-width@1.3.0", "", {}, "sha512-vpeMIQKxczTD/0s2CdEWHcb0eeJe6TFjxb+J5xgX7hScxqrGuyjmv4c1D4A/gelKfyox0gJJwIHF+fLjeaM8kQ=="],

    "get-uri": ["get-uri@7.0.0", "", { "dependencies": { "basic-ftp": "^5.0.2", "data-uri-to-buffer": "7.0.0", "debug": "^4.3.4" } }, "sha512-ZsC7KQxm1Hra8yO0RvMZ4lGJT7vnBtSNpEHKq39MPN7vjuvCiu1aQ8rkXUaIXG1y/TSDez97Gmv04ibnYqCp/A=="],

    "giget": ["giget@2.0.0", "", { "dependencies": { "citty": "^0.1.6", "consola": "^3.4.0", "defu": "^6.1.4", "node-fetch-native": "^1.6.6", "nypm": "^0.6.0", "pathe": "^2.0.3" }, "bin": { "giget": "dist/cli.mjs" } }, "sha512-L5bGsVkxJbJgdnwyuheIunkGatUF/zssUoxxjACCseZYAVbaqdh9Tsmmlkl8vYan09H7sbvKt4pS8GqKLBrEzA=="],

    "git-up": ["git-up@8.1.1", "", { "dependencies": { "is-ssh": "^1.4.0", "parse-url": "^9.2.0" } }, "sha512-FDenSF3fVqBYSaJoYy1KSc2wosx0gCvKP+c+PRBht7cAaiCeQlBtfBDX9vgnNOHmdePlSFITVcn4pFfcgNvx3g=="],

    "git-url-parse": ["git-url-parse@16.1.0", "", { "dependencies": { "git-up": "^8.1.0" } }, "sha512-cPLz4HuK86wClEW7iDdeAKcCVlWXmrLpb2L+G9goW0Z1dtpNS6BXXSOckUTlJT/LDQViE1QZKstNORzHsLnobw=="],

    "http-proxy-agent": ["http-proxy-agent@8.0.0", "", { "dependencies": { "agent-base": "8.0.0", "debug": "^4.3.4" } }, "sha512-7pose0uGgrCJeH2Qh4JcNhWZp3u/oNrWjNYDK4ydOLxOpTw8V8ogHFAmkz0VWq96JBFj4umVJpvmQi287rSYLg=="],

    "https-proxy-agent": ["https-proxy-agent@8.0.0", "", { "dependencies": { "agent-base": "8.0.0", "debug": "^4.3.4" } }, "sha512-YYeW+iCnAS3xhvj2dvVoWgsbca3RfQy/IlaNHHOtDmU0jMqPI9euIq3Y9BJETdxk16h9NHHCKqp/KB9nIMStCQ=="],

    "iconv-lite": ["iconv-lite@0.7.2", "", { "dependencies": { "safer-buffer": ">= 2.1.2 < 3.0.0" } }, "sha512-im9DjEDQ55s9fL4EYzOAv0yMqmMBSZp6G0VvFyTMPKWxiSBHUj9NW/qqLmXUwXrrM7AvqSlTCfvqRb0cM8yYqw=="],

    "ip-address": ["ip-address@9.0.5", "", { "dependencies": { "jsbn": "1.1.0", "sprintf-js": "^1.1.3" } }, "sha512-zHtQzGojZXTwZTHQqra+ETKd4Sn3vgi7uBmlPoXVWZqYvuKmtI0l/VZTjqGmJY9x88GGOaZ9+G9ES8hC4T4X8g=="],

    "is-docker": ["is-docker@3.0.0", "", { "bin": { "is-docker": "cli.js" } }, "sha512-eljcgEDlEns/7AXFosB5K/2nCM4P7FQPkGc/DWLy5rmFEWvZayGrik1d9/QIY5nJ4f9YsVvBkA6kJpHn9rISdQ=="],

    "is-in-ssh": ["is-in-ssh@1.0.0", "", {}, "sha512-jYa6Q9rH90kR1vKB6NM7qqd1mge3Fx4Dhw5TVlK1MUBqhEOuCagrEHMevNuCcbECmXZ0ThXkRm+Ymr51HwEPAw=="],

    "is-inside-container": ["is-inside-container@1.0.0", "", { "dependencies": { "is-docker": "^3.0.0" }, "bin": { "is-inside-container": "cli.js" } }, "sha512-KIYLCCJghfHZxqjYBE7rEy0OBuTd5xCHS7tHVgvCLkx7StIoaxwNW3hCALgEUjFfeRk+MG/Qxmp/vtETEF3tRA=="],

    "is-interactive": ["is-interactive@2.0.0", "", {}, "sha512-qP1vozQRI+BMOPcjFzrjXuQvdak2pHNUMZoeG2eRbiSqyvbEf/wQtEOTOX1guk6E3t36RkaqiSt8A/6YElNxLQ=="],

    "is-ssh": ["is-ssh@1.4.1", "", { "dependencies": { "protocols": "^2.0.1" } }, "sha512-JNeu1wQsHjyHgn9NcWTaXq6zWSR6hqE0++zhfZlkFBbScNkyvxCdeV8sRkSBaeLKxmbpR21brail63ACNxJ0Tg=="],

    "is-unicode-supported": ["is-unicode-supported@2.1.0", "", {}, "sha512-mE00Gnza5EEB3Ds0HfMyllZzbBrmLOX3vfWoj9A9PEnTfratQ/BcaJOuMhnkhjXvb2+FkY3VuHqtAGpTPmglFQ=="],

    "is-wsl": ["is-wsl@3.1.0", "", { "dependencies": { "is-inside-container": "^1.0.0" } }, "sha512-UcVfVfaK4Sc4m7X3dUSoHoozQGBEFeDC+zVo06t98xe8CzHSZZBekNXH+tu0NalHolcJ/QAGqS46Hef7QXBIMw=="],

    "issue-parser": ["issue-parser@7.0.1", "", { "dependencies": { "lodash.capitalize": "^4.2.1", "lodash.escaperegexp": "^4.1.2", "lodash.isplainobject": "^4.0.6", "lodash.isstring": "^4.0.1", "lodash.uniqby": "^4.7.0" } }, "sha512-3YZcUUR2Wt1WsapF+S/WiA2WmlW0cWAoPccMqne7AxEBhCdFeTPjfv/Axb8V2gyCgY3nRw+ksZ3xSUX+R47iAg=="],

    "jiti": ["jiti@2.6.1", "", { "bin": { "jiti": "lib/jiti-cli.mjs" } }, "sha512-ekilCSN1jwRvIbgeg/57YFh8qQDNbwDb9xT/qu2DAHbFFZUicIl4ygVaAvzveMhMVr3LnpSKTNnwt8PoOfmKhQ=="],

    "jsbn": ["jsbn@1.1.0", "", {}, "sha512-4bYVV3aAMtDTTu4+xsDYa6sy9GyJ69/amsu9sYF2zqjiEoZA5xJi3BrfX3uY+/IekIu7MwdObdbDWpoZdBv3/A=="],

    "json-with-bigint": ["json-with-bigint@3.5.7", "", {}, "sha512-7ei3MdAI5+fJPVnKlW77TKNKwQ5ppSzWvhPuSuINT/GYW9ZOC1eRKOuhV9yHG5aEsUPj9BBx5JIekkmoLHxZOw=="],

    "lodash.capitalize": ["lodash.capitalize@4.2.1", "", {}, "sha512-kZzYOKspf8XVX5AvmQF94gQW0lejFVgb80G85bU4ZWzoJ6C03PQg3coYAUpSTpQWelrZELd3XWgHzw4Ck5kaIw=="],

    "lodash.escaperegexp": ["lodash.escaperegexp@4.1.2", "", {}, "sha512-TM9YBvyC84ZxE3rgfefxUWiQKLilstD6k7PTGt6wfbtXF8ixIJLOL3VYyV/z+ZiPLsVxAsKAFVwWlWeb2Y8Yyw=="],

    "lodash.isplainobject": ["lodash.isplainobject@4.0.6", "", {}, "sha512-oSXzaWypCMHkPC3NvBEaPHf0KsA5mvPrOPgQWDsbg8n7orZ290M0BmC/jgRZ4vcJ6DTAhjrsSYgdsW/F+MFOBA=="],

    "lodash.isstring": ["lodash.isstring@4.0.1", "", {}, "sha512-0wJxfxH1wgO3GrbuP+dTTk7op+6L41QCXbGINEmD+ny/G/eCqGzxyCsh7159S+mgDDcoarnBw6PC1PS5+wUGgw=="],

    "lodash.merge": ["lodash.merge@4.6.2", "", {}, "sha512-0KpjqXRVvrYyCsX1swR/XTK0va6VQkQM6MNo7PqW77ByjAhoARA8EfrP1N4+KlKj8YS0ZUCtRT/YUuhyYDujIQ=="],

    "lodash.uniqby": ["lodash.uniqby@4.7.0", "", {}, "sha512-e/zcLx6CSbmaEgFHCA7BnoQKyCtKMxnuWrJygbwPs/AIn+IMKl66L8/s+wBUn5LRw2pZx3bUHibiV1b6aTWIww=="],

    "log-symbols": ["log-symbols@7.0.1", "", { "dependencies": { "is-unicode-supported": "^2.0.0", "yoctocolors": "^2.1.1" } }, "sha512-ja1E3yCr9i/0hmBVaM0bfwDjnGy8I/s6PP4DFp+yP+a+mrHO4Rm7DtmnqROTUkHIkqffC84YY7AeqX6oFk0WFg=="],

    "lru-cache": ["lru-cache@7.18.3", "", {}, "sha512-jumlc0BIUrS3qJGgIkWZsyfAM7NCWiBcCDhnd+3NNM5KbBmLTgHVfWBcg6W+rLUsIpzpERPsvwUP7CckAQSOoA=="],

    "macos-release": ["macos-release@3.4.0", "", {}, "sha512-wpGPwyg/xrSp4H4Db4xYSeAr6+cFQGHfspHzDUdYxswDnUW0L5Ov63UuJiSr8NMSpyaChO4u1n0MXUvVPtrN6A=="],

    "mime-db": ["mime-db@1.54.0", "", {}, "sha512-aU5EJuIN2WDemCcAp2vFBfp/m4EAhWJnUNSSw0ixs7/kXbd6Pg64EmwJkNdFhB8aWt1sH2CTXrLxo/iAGV3oPQ=="],

    "mime-types": ["mime-types@3.0.2", "", { "dependencies": { "mime-db": "^1.54.0" } }, "sha512-Lbgzdk0h4juoQ9fCKXW4by0UJqj+nOOrI9MJ1sSj4nI8aI2eo1qmvQEie4VD1glsS250n15LsWsYtCugiStS5A=="],

    "mimic-function": ["mimic-function@5.0.1", "", {}, "sha512-VP79XUPxV2CigYP3jWwAUFSku2aKqBH7uTAapFWCBqutsbmDo96KY5o8uh6U+/YSIn5OxJnXp73beVkpqMIGhA=="],

    "ms": ["ms@2.1.3", "", {}, "sha512-6FlzubTLZG3J2a/NVCAleEhjzq5oxgHyaCU9yYXvcLsvoVaHJq/s5xXI6/XXP6tz7R9xAOtHnSO/tXtF3WRTlA=="],

    "mute-stream": ["mute-stream@3.0.0", "", {}, "sha512-dkEJPVvun4FryqBmZ5KhDo0K9iDXAwn08tMLDinNdRBNPcYEDiWYysLcc6k3mjTMlbP9KyylvRpd4wFtwrT9rw=="],

    "netmask": ["netmask@2.0.2", "", {}, "sha512-dBpDMdxv9Irdq66304OLfEmQ9tbNRFnFTuZiLo+bD+r332bBmMJ8GBLXklIXXgxd3+v9+KUnZaUR5PJMa75Gsg=="],

    "new-github-release-url": ["new-github-release-url@2.0.0", "", { "dependencies": { "type-fest": "^2.5.1" } }, "sha512-NHDDGYudnvRutt/VhKFlX26IotXe1w0cmkDm6JGquh5bz/bDTw0LufSmH/GxTjEdpHEO+bVKFTwdrcGa/9XlKQ=="],

    "node-fetch-native": ["node-fetch-native@1.6.7", "", {}, "sha512-g9yhqoedzIUm0nTnTqAQvueMPVOuIY16bqgAJJC8XOOubYFNwz6IER9qs0Gq2Xd0+CecCKFjtdDTMA4u4xG06Q=="],

    "nypm": ["nypm@0.6.1", "", { "dependencies": { "citty": "^0.1.6", "consola": "^3.4.2", "pathe": "^2.0.3", "pkg-types": "^2.2.0", "tinyexec": "^1.0.1" }, "bin": { "nypm": "dist/cli.mjs" } }, "sha512-hlacBiRiv1k9hZFiphPUkfSQ/ZfQzZDzC+8z0wL3lvDAOUu/2NnChkKuMoMjNur/9OpKuz2QsIeiPVN0xM5Q0w=="],

    "ohash": ["ohash@2.0.11", "", {}, "sha512-RdR9FQrFwNBNXAr4GixM8YaRZRJ5PUWbKYbE5eOsrwAjJW0q2REGcf79oYPsLyskQCZG1PLN+S/K1V00joZAoQ=="],

    "onetime": ["onetime@7.0.0", "", { "dependencies": { "mimic-function": "^5.0.0" } }, "sha512-VXJjc87FScF88uafS3JllDgvAm+c/Slfz06lorj2uAY34rlUu0Nt+v8wreiImcrgAjjIHp1rXpTDlLOGw29WwQ=="],

    "open": ["open@11.0.0", "", { "dependencies": { "default-browser": "^5.4.0", "define-lazy-prop": "^3.0.0", "is-in-ssh": "^1.0.0", "is-inside-container": "^1.0.0", "powershell-utils": "^0.1.0", "wsl-utils": "^0.3.0" } }, "sha512-smsWv2LzFjP03xmvFoJ331ss6h+jixfA4UUV/Bsiyuu4YJPfN+FIQGOIiv4w9/+MoHkfkJ22UIaQWRVFRfH6Vw=="],

    "ora": ["ora@9.3.0", "", { "dependencies": { "chalk": "^5.6.2", "cli-cursor": "^5.0.0", "cli-spinners": "^3.2.0", "is-interactive": "^2.0.0", "is-unicode-supported": "^2.1.0", "log-symbols": "^7.0.1", "stdin-discarder": "^0.3.1", "string-width": "^8.1.0" } }, "sha512-lBX72MWFduWEf7v7uWf5DHp9Jn5BI8bNPGuFgtXMmr2uDz2Gz2749y3am3agSDdkhHPHYmmxEGSKH85ZLGzgXw=="],

    "os-name": ["os-name@7.0.0", "", { "dependencies": { "macos-release": "^3.4.0", "windows-release": "^7.1.0" } }, "sha512-/HfRU/lPPr4T2VigM+cvM3cU77es+XF4OEAa4aE5zpdvrxHGD2NmH0AFIWpMNAb+CsZL45rlcIO49Re0ZcRseg=="],

    "pac-proxy-agent": ["pac-proxy-agent@8.0.0", "", { "dependencies": { "agent-base": "8.0.0", "debug": "^4.3.4", "get-uri": "7.0.0", "http-proxy-agent": "8.0.0", "https-proxy-agent": "8.0.0", "pac-resolver": "8.0.0", "quickjs-wasi": "^0.0.1", "socks-proxy-agent": "9.0.0" } }, "sha512-HyCoVbyQ/nbVlQ/R6wBu0YXhbG2oAnEK5BQ3xMyj1OffQmU5NoOnpLzgPlKHaobUzz5NK0+AZHby4TdydAEBUA=="],

    "pac-resolver": ["pac-resolver@8.0.0", "", { "dependencies": { "degenerator": "6.0.0", "netmask": "^2.0.2" }, "peerDependencies": { "quickjs-wasi": "^0.0.1" } }, "sha512-SVNzOxVq2zuTew3WAt7U8UghwzJzuWYuJryd3y8FxyLTZdjVoCzY8kLP39PpEqQCDvlMWdQXwViu0sYT3eiU2w=="],

    "parse-path": ["parse-path@7.0.1", "", { "dependencies": { "protocols": "^2.0.0" } }, "sha512-6ReLMptznuuOEzLoGEa+I1oWRSj2Zna5jLWC+l6zlfAI4dbbSaIES29ThzuPkbhNahT65dWzfoZEO6cfJw2Ksg=="],

    "parse-url": ["parse-url@9.2.0", "", { "dependencies": { "@types/parse-path": "^7.0.0", "parse-path": "^7.0.0" } }, "sha512-bCgsFI+GeGWPAvAiUv63ZorMeif3/U0zaXABGJbOWt5OH2KCaPHF6S+0ok4aqM9RuIPGyZdx9tR9l13PsW4AYQ=="],

    "pathe": ["pathe@2.0.3", "", {}, "sha512-WUjGcAqP1gQacoQe+OBJsFA7Ld4DyXuUIjZ5cc75cLHvJ7dtNsTugphxIADwspS+AraAUePCKrSVtPLFj/F88w=="],

    "perfect-debounce": ["perfect-debounce@2.0.0", "", {}, "sha512-fkEH/OBiKrqqI/yIgjR92lMfs2K8105zt/VT6+7eTjNwisrsh47CeIED9z58zI7DfKdH3uHAn25ziRZn3kgAow=="],

    "picomatch": ["picomatch@4.0.3", "", {}, "sha512-5gTmgEY/sqK6gFXLIsQNH19lWb4ebPDLA4SdLP7dsWkIXHWlG66oPuVvXSGFPppYZz8ZDZq0dYYrbHfBCVUb1Q=="],

    "pkg-types": ["pkg-types@2.3.0", "", { "dependencies": { "confbox": "^0.2.2", "exsolve": "^1.0.7", "pathe": "^2.0.3" } }, "sha512-SIqCzDRg0s9npO5XQ3tNZioRY1uK06lA41ynBC1YmFTmnY6FjUjVt6s4LoADmwoig1qqD0oK8h1p/8mlMx8Oig=="],

    "powershell-utils": ["powershell-utils@0.1.0", "", {}, "sha512-dM0jVuXJPsDN6DvRpea484tCUaMiXWjuCn++HGTqUWzGDjv5tZkEZldAJ/UMlqRYGFrD/etByo4/xOuC/snX2A=="],

    "protocols": ["protocols@2.0.2", "", {}, "sha512-hHVTzba3wboROl0/aWRRG9dMytgH6ow//STBZh43l/wQgmMhYhOFi0EHWAPtoCz9IAUymsyP0TSBHkhgMEGNnQ=="],

    "proxy-agent": ["proxy-agent@7.0.0", "", { "dependencies": { "agent-base": "8.0.0", "debug": "^4.3.4", "http-proxy-agent": "8.0.0", "https-proxy-agent": "8.0.0", "lru-cache": "^7.14.1", "pac-proxy-agent": "8.0.0", "proxy-from-env": "^1.1.0", "socks-proxy-agent": "9.0.0" } }, "sha512-okTgt79rHTvMHkr/Ney5rZpgCHh3g1g3tI5uhkgN5b7OeI3n0Q/ui1uv9OdrnZNJM9WIZJqZPh/UJs+YtO/TMQ=="],

    "proxy-from-env": ["proxy-from-env@1.1.0", "", {}, "sha512-D+zkORCbA9f1tdWRK0RaCR3GPv50cMxcrz4X8k5LTSUD1Dkw47mKJEZQNunItRTkWwgtaUSo1RVFRIG9ZXiFYg=="],

    "quickjs-wasi": ["quickjs-wasi@0.0.1", "", {}, "sha512-fBWNLTBkxkLAhe1AzF1hyXEvuA+N+vV1WMP2D6iiMUblvmOt8Pp5t8zUcgvz7aYA1ldUdxDlgUse15dmcKjkNg=="],

    "rc9": ["rc9@2.1.2", "", { "dependencies": { "defu": "^6.1.4", "destr": "^2.0.3" } }, "sha512-btXCnMmRIBINM2LDZoEmOogIZU7Qe7zn4BpomSKZ/ykbLObuBdvG+mFq11DL6fjH1DRwHhrlgtYWG96bJiC7Cg=="],

    "readdirp": ["readdirp@5.0.0", "", {}, "sha512-9u/XQ1pvrQtYyMpZe7DXKv2p5CNvyVwzUB6uhLAnQwHMSgKMBR62lc7AHljaeteeHXn11XTAaLLUVZYVZyuRBQ=="],

    "release-it": ["release-it@20.0.1", "", { "dependencies": { "@inquirer/prompts": "8.4.2", "@octokit/rest": "22.0.1", "@phun-ky/typeof": "2.0.3", "async-retry": "1.3.3", "c12": "3.3.3", "ci-info": "^4.4.0", "defu": "^6.1.7", "eta": "4.5.1", "git-url-parse": "16.1.0", "issue-parser": "7.0.1", "lodash.merge": "4.6.2", "mime-types": "3.0.2", "new-github-release-url": "2.0.0", "open": "11.0.0", "ora": "9.3.0", "os-name": "7.0.0", "proxy-agent": "7.0.0", "semver": "7.7.4", "tinyglobby": "0.2.15", "undici": "7.24.5", "url-join": "5.0.0", "wildcard-match": "5.1.4", "yargs-parser": "22.0.0" }, "bin": { "release-it": "bin/release-it.js" } }, "sha512-3ob1P1aV+3+ZOoR7qgobfYyMlQbpitzOK09iKTtQ145vFi4rWxlRTgHwtVl8kokCvqiF/cJPxRlfcmZmF5aDJA=="],

    "restore-cursor": ["restore-cursor@5.1.0", "", { "dependencies": { "onetime": "^7.0.0", "signal-exit": "^4.1.0" } }, "sha512-oMA2dcrw6u0YfxJQXm342bFKX/E4sG9rbTzO9ptUcR/e8A33cHuvStiYOwH7fszkZlZ1z/ta9AAoPk2F4qIOHA=="],

    "retry": ["retry@0.13.1", "", {}, "sha512-XQBQ3I8W1Cge0Seh+6gjj03LbmRFWuoszgK9ooCpwYIrhhoO80pfq4cUkU5DkknwfOfFteRwlZ56PYOGYyFWdg=="],

    "run-applescript": ["run-applescript@7.0.0", "", {}, "sha512-9by4Ij99JUr/MCFBUkDKLWK3G9HVXmabKz9U5MlIAIuvuzkiOicRYs8XJLxX+xahD+mLiiCYDqF9dKAgtzKP1A=="],

    "safer-buffer": ["safer-buffer@2.1.2", "", {}, "sha512-YZo3K82SD7Riyi0E1EQPojLz7kpepnSQI9IyPbHHg1XXXevb5dJI7tpyN2ADxGcQbHG7vcyRHk0cbwqcQriUtg=="],

    "semver": ["semver@7.7.4", "", { "bin": { "semver": "bin/semver.js" } }, "sha512-vFKC2IEtQnVhpT78h1Yp8wzwrf8CM+MzKMHGJZfBtzhZNycRFnXsHk6E5TxIkkMsgNS7mdX3AGB7x2QM2di4lA=="],

    "signal-exit": ["signal-exit@4.1.0", "", {}, "sha512-bzyZ1e88w9O1iNJbKnOlvYTrWPDl46O1bG0D3XInv+9tkPrxrN8jUUTiFlDkkmKWgn1M6CfIA13SuGqOa9Korw=="],

    "smart-buffer": ["smart-buffer@4.2.0", "", {}, "sha512-94hK0Hh8rPqQl2xXc3HsaBoOXKV20MToPkcXvwbISWLEs+64sBq5kFgn2kJDHb1Pry9yrP0dxrCI9RRci7RXKg=="],

    "socks": ["socks@2.8.4", "", { "dependencies": { "ip-address": "^9.0.5", "smart-buffer": "^4.2.0" } }, "sha512-D3YaD0aRxR3mEcqnidIs7ReYJFVzWdd6fXJYUM8ixcQcJRGTka/b3saV0KflYhyVJXKhb947GndU35SxYNResQ=="],

    "socks-proxy-agent": ["socks-proxy-agent@9.0.0", "", { "dependencies": { "agent-base": "8.0.0", "debug": "^4.3.4", "socks": "^2.8.3" } }, "sha512-fFlbMlfsXhK02ZB8aZY7Hwxh/IHBV9b1Oq9bvBk6tkFWXvdAxUgA0wbw/NYR5liU3Y5+KI6U4FH3kYJt9QYv0w=="],

    "source-map": ["source-map@0.6.1", "", {}, "sha512-UjgapumWlbMhkBgzT7Ykc5YXUT46F0iKu8SGXq0bcwP5dz/h0Plj6enJqjz1Zbq2l5WaqYnrVbwWOWMyF3F47g=="],

    "sprintf-js": ["sprintf-js@1.1.3", "", {}, "sha512-Oo+0REFV59/rz3gfJNKQiBlwfHaSESl1pcGyABQsnnIfWOFt6JNj5gCog2U6MLZ//IGYD+nA8nI+mTShREReaA=="],

    "stdin-discarder": ["stdin-discarder@0.3.2", "", {}, "sha512-eCPu1qRxPVkl5605OTWF8Wz40b4Mf45NY5LQmVPQ599knfs5QhASUm9GbJ5BDMDOXgrnh0wyEdvzmL//YMlw0A=="],

    "string-width": ["string-width@8.1.0", "", { "dependencies": { "get-east-asian-width": "^1.3.0", "strip-ansi": "^7.1.0" } }, "sha512-Kxl3KJGb/gxkaUMOjRsQ8IrXiGW75O4E3RPjFIINOVH8AMl2SQ/yWdTzWwF3FevIX9LcMAjJW+GRwAlAbTSXdg=="],

    "strip-ansi": ["strip-ansi@7.1.2", "", { "dependencies": { "ansi-regex": "^6.0.1" } }, "sha512-gmBGslpoQJtgnMAvOVqGZpEz9dyoKTCzy2nfz/n8aIFhN/jCE/rCmcxabB6jOOHV+0WNnylOxaxBQPSvcWklhA=="],

    "tinyexec": ["tinyexec@1.0.1", "", {}, "sha512-5uC6DDlmeqiOwCPmK9jMSdOuZTh8bU39Ys6yidB+UTt5hfZUPGAypSgFRiEp+jbi9qH40BLDvy85jIU88wKSqw=="],

    "tinyglobby": ["tinyglobby@0.2.15", "", { "dependencies": { "fdir": "^6.5.0", "picomatch": "^4.0.3" } }, "sha512-j2Zq4NyQYG5XMST4cbs02Ak8iJUdxRM0XI5QyxXuZOzKOINmWurp3smXu3y5wDcJrptwpSjgXHzIQxR0omXljQ=="],

    "tslib": ["tslib@2.8.1", "", {}, "sha512-oJFu94HQb+KVduSUQL7wnpmqnfmLsOA/nAh6b6EH0wCEoK0/mPeXU6c3wKDV83MkOuHPRHtSXKKU99IBazS/2w=="],

    "type-fest": ["type-fest@2.19.0", "", {}, "sha512-RAH822pAdBgcNMAfWnCBU3CFZcfZ/i1eZjwFU/dsLKumyuuP3niueg2UAukXYF0E2AAoc82ZSSf9J0WQBinzHA=="],

    "typescript": ["typescript@6.0.3", "", { "bin": { "tsc": "bin/tsc", "tsserver": "bin/tsserver" } }, "sha512-y2TvuxSZPDyQakkFRPZHKFm+KKVqIisdg9/CZwm9ftvKXLP8NRWj38/ODjNbr43SsoXqNuAisEf1GdCxqWcdBw=="],

    "undici": ["undici@7.24.5", "", {}, "sha512-3IWdCpjgxp15CbJnsi/Y9TCDE7HWVN19j1hmzVhoAkY/+CJx449tVxT5wZc1Gwg8J+P0LWvzlBzxYRnHJ+1i7Q=="],

    "undici-types": ["undici-types@6.20.0", "", {}, "sha512-Ny6QZ2Nju20vw1SRHe3d9jVu6gJ+4e3+MMpqu7pqE5HT6WsTSlce++GQmK5UXS8mzV8DSYHrQH+Xrf2jVcuKNg=="],

    "universal-user-agent": ["universal-user-agent@7.0.2", "", {}, "sha512-0JCqzSKnStlRRQfCdowvqy3cy0Dvtlb8xecj/H8JFZuCze4rwjPZQOgvFvn0Ws/usCHQFGpyr+pB9adaGwXn4Q=="],

    "url-join": ["url-join@5.0.0", "", {}, "sha512-n2huDr9h9yzd6exQVnH/jU5mr+Pfx08LRXXZhkLLetAMESRj+anQsTAh940iMrIetKAmry9coFuZQ2jY8/p3WA=="],

    "wildcard-match": ["wildcard-match@5.1.4", "", {}, "sha512-wldeCaczs8XXq7hj+5d/F38JE2r7EXgb6WQDM84RVwxy81T/sxB5e9+uZLK9Q9oNz1mlvjut+QtvgaOQFPVq/g=="],

    "windows-release": ["windows-release@7.1.1", "", { "dependencies": { "powershell-utils": "^0.2.0" } }, "sha512-0GBwC9WmR8Bm3WYiz3FC391054BsFHZ2gzBVdYj9uj5eIVYzbn/YPYCYW9SWdh9vwnLuzpn1UGwJKiMG4F236w=="],

    "wsl-utils": ["wsl-utils@0.3.1", "", { "dependencies": { "is-wsl": "^3.1.0", "powershell-utils": "^0.1.0" } }, "sha512-g/eziiSUNBSsdDJtCLB8bdYEUMj4jR7AGeUo96p/3dTafgjHhpF4RiCFPiRILwjQoDXx5MqkBr4fwWtR3Ky4Wg=="],

    "yargs-parser": ["yargs-parser@22.0.0", "", {}, "sha512-rwu/ClNdSMpkSrUb+d6BRsSkLUq1fmfsY6TOpYzTwvwkg1/NRG85KBy3kq++A8LKQwX6lsu+aWad+2khvuXrqw=="],

    "yoctocolors": ["yoctocolors@2.1.2", "", {}, "sha512-CzhO+pFNo8ajLM2d2IW/R93ipy99LWjtwblvC1RsoSUMZgyLbYFr221TnSNT7GjGdYui6P459mw9JH/g/zW2ug=="],

    "c12/defu": ["defu@6.1.4", "", {}, "sha512-mEQCMmwJu317oSz8CwdIOdwf3xMif1ttiM8LTufzc3g6kR+9Pe236twL8j3IYT1F7GfRgGcW6MWxzZjLIkuHIg=="],

    "giget/defu": ["defu@6.1.4", "", {}, "sha512-mEQCMmwJu317oSz8CwdIOdwf3xMif1ttiM8LTufzc3g6kR+9Pe236twL8j3IYT1F7GfRgGcW6MWxzZjLIkuHIg=="],

    "pkg-types/exsolve": ["exsolve@1.0.7", "", {}, "sha512-VO5fQUzZtI6C+vx4w/4BWJpg3s/5l+6pRQEHzFRM8WFi4XffSP1Z+4qi7GbjWbvRQEbdIco5mIMq+zX4rPuLrw=="],

    "rc9/defu": ["defu@6.1.4", "", {}, "sha512-mEQCMmwJu317oSz8CwdIOdwf3xMif1ttiM8LTufzc3g6kR+9Pe236twL8j3IYT1F7GfRgGcW6MWxzZjLIkuHIg=="],

    "windows-release/powershell-utils": ["powershell-utils@0.2.0", "", {}, "sha512-ZlsFlG7MtSFCoc5xreOvBAozCJ6Pf06opgJjh9ONEv418xpZSAzNjstD36C6+JwOnfSqOW/9uDkqKjezTdxZhw=="],
  }
}
